
Microsoft Visual Studio Solution File, Format Version 12.00
# Visual Studio 15
VisualStudioVersion = 15.0.26430.6
MinimumVisualStudioVersion = 10.0.40219.1
Project("{FAE04EC0-301F-11D3-BF4B-00C04F79EFBC}") = "AbstractFactory", "AbstractFactory\AbstractFactory.csproj", "{F469816A-BA3B-4F4F-B734-176E29F5C568}"
EndProject
Project("{FAE04EC0-301F-11D3-BF4B-00C04F79EFBC}") = "UnitTests", "UnitTests\UnitTests.csproj", "{A249AB5B-4D2E-4586-87CF-658C726396A8}"
EndProject
Project("{FAE04EC0-301F-11D3-BF4B-00C04F79EFBC}") = "Factory", "Factory\Factory.csproj", "{B6065757-53C7-439C-969C-9039754EC9DF}"
EndProject
Global
	GlobalSection(SolutionConfigurationPlatforms) = preSolution
		Debug|Any CPU = Debug|Any CPU
		Release|Any CPU = Release|Any CPU
	EndGlobalSection
	GlobalSection(ProjectConfigurationPlatforms) = postSolution
		{F469816A-BA3B-4F4F-B734-176E29F5C568}.Debug|Any CPU.ActiveCfg = Debug|Any CPU
		{F469816A-BA3B-4F4F-B734-176E29F5C568}.Debug|Any CPU.Build.0 = Debug|Any CPU
		{F469816A-BA3B-4F4F-B734-176E29F5C568}.Release|Any CPU.ActiveCfg = Release|Any CPU
		{F469816A-BA3B-4F4F-B734-176E29F5C568}.Release|Any CPU.Build.0 = Release|Any CPU
		{A249AB5B-4D2E-4586-87CF-658C726396A8}.Debug|Any CPU.ActiveCfg = Debug|Any CPU
		{A249AB5B-4D2E-4586-87CF-658C726396A8}.Debug|Any CPU.Build.0 = Debug|Any CPU
		{A249AB5B-4D2E-4586-87CF-658C726396A8}.Release|Any CPU.ActiveCfg = Release|Any CPU
		{A249AB5B-4D2E-4586-87CF-658C726396A8}.Release|Any CPU.Build.0 = Release|Any CPU
		{B6065757-53C7-439C-969C-9039754EC9DF}.Debug|Any CPU.ActiveCfg = Debug|Any CPU
		{B6065757-53C7-439C-969C-9039754EC9DF}.Debug|Any CPU.Build.0 = Debug|Any CPU
		{B6065757-53C7-439C-969C-9039754EC9DF}.Release|Any CPU.ActiveCfg = Release|Any CPU
		{B6065757-53C7-439C-969C-9039754EC9DF}.Release|Any CPU.Build.0 = Release|Any CPU
	EndGlobalSection
	GlobalSection(SolutionProperties) = preSolution
		HideSolutionNode = FALSE
	EndGlobalSection
EndGlobal
